
Microsoft Visual Studio Solution File, Format Version 12.00
# Visual Studio 2012
Project("{E24C65DC-7377-472B-9ABA-BC803B73C61A}") = "EyeReport", ".", "{E8E778B9-ADAD-48E4-8593-B2E90C10C348}"
	ProjectSection(WebsiteProperties) = preProject
		TargetFrameworkMoniker = ".NETFramework,Version%3Dv4.0"
		Debug.AspNetCompiler.VirtualPath = "/EyeReport"
		Debug.AspNetCompiler.PhysicalPath = "..\EyeReport\"
		Debug.AspNetCompiler.TargetPath = "PrecompiledWeb\EyeReport\"
		Debug.AspNetCompiler.Updateable = "true"
		Debug.AspNetCompiler.ForceOverwrite = "true"
		Debug.AspNetCompiler.FixedNames = "false"
		Debug.AspNetCompiler.Debug = "True"
		Release.AspNetCompiler.VirtualPath = "/EyeReport"
		Release.AspNetCompiler.PhysicalPath = "..\EyeReport\"
		Release.AspNetCompiler.TargetPath = "PrecompiledWeb\EyeReport\"
		Release.AspNetCompiler.Updateable = "true"
		Release.AspNetCompiler.ForceOverwrite = "true"
		Release.AspNetCompiler.FixedNames = "false"
		Release.AspNetCompiler.Debug = "False"
		VWDPort = "53307"
	EndProjectSection
EndProject
Global
	GlobalSection(SolutionConfigurationPlatforms) = preSolution
		Debug|Any CPU = Debug|Any CPU
	EndGlobalSection
	GlobalSection(ProjectConfigurationPlatforms) = postSolution
		{E8E778B9-ADAD-48E4-8593-B2E90C10C348}.Debug|Any CPU.ActiveCfg = Debug|Any CPU
		{E8E778B9-ADAD-48E4-8593-B2E90C10C348}.Debug|Any CPU.Build.0 = Debug|Any CPU
	EndGlobalSection
	GlobalSection(SolutionProperties) = preSolution
		HideSolutionNode = FALSE
	EndGlobalSection
EndGlobal
